
Microsoft Visual Studio Solution File, Format Version 12.00
# Visual Studio Version 17
VisualStudioVersion = 17.0.31912.275
MinimumVisualStudioVersion = 10.0.40219.1
Project("{FAE04EC0-301F-11D3-BF4B-00C04F79EFBC}") = "Lombard", "Lombard.csproj", "{0CFC779B-BC97-4B9D-9610-967E0D68BBB7}"
EndProject
Global
	GlobalSection(SolutionConfigurationPlatforms) = preSolution
		Debug|Any CPU = Debug|Any CPU
		Release|Any CPU = Release|Any CPU
	EndGlobalSection
	GlobalSection(ProjectConfigurationPlatforms) = postSolution
		{0CFC779B-BC97-4B9D-9610-967E0D68BBB7}.Debug|Any CPU.ActiveCfg = Debug|Any CPU
		{0CFC779B-BC97-4B9D-9610-967E0D68BBB7}.Debug|Any CPU.Build.0 = Debug|Any CPU
		{0CFC779B-BC97-4B9D-9610-967E0D68BBB7}.Release|Any CPU.ActiveCfg = Release|Any CPU
		{0CFC779B-BC97-4B9D-9610-967E0D68BBB7}.Release|Any CPU.Build.0 = Release|Any CPU
	EndGlobalSection
	GlobalSection(SolutionProperties) = preSolution
		HideSolutionNode = FALSE
	EndGlobalSection
	GlobalSection(ExtensibilityGlobals) = postSolution
		SolutionGuid = {AE303C76-6DB6-40FA-A11F-32E2B8E05740}
	EndGlobalSection
EndGlobal
